
Microsoft Visual Studio Solution File, Format Version 12.00
# Visual Studio Version 17
VisualStudioVersion = 17.11.35312.102
MinimumVisualStudioVersion = 10.0.40219.1
Project("{9A19103F-16F7-4668-BE54-9A1E7A4F7556}") = "Custom Exception", "CustomException\Custom Exception.csproj", "{00F45E73-FAA9-40E9-8CB0-F0C174D7E714}"
EndProject
Project("{9A19103F-16F7-4668-BE54-9A1E7A4F7556}") = "EqualsOverride", "EqualsOverride\EqualsOverride.csproj", "{1BAD871F-E8EE-4CFA-B603-138FD2A7A938}"
EndProject
Project("{9A19103F-16F7-4668-BE54-9A1E7A4F7556}") = "StringOverride", "StringOverride\StringOverride.csproj", "{590293B4-7AC2-4758-B42C-5F052E089980}"
EndProject
Project("{2150E333-8FDC-42A3-9474-1A3956D46DE8}") = "Thread", "Thread", "{2191649D-BB6D-4F6B-9EE8-009579635B54}"
EndProject
Project("{2150E333-8FDC-42A3-9474-1A3956D46DE8}") = "Events, Delegates, Lambda Expression", "Events, Delegates, Lambda Expression", "{41CDEC43-DF81-4E9A-ADDF-B4CBFE66A06F}"
EndProject
Project("{2150E333-8FDC-42A3-9474-1A3956D46DE8}") = "Exception Handling", "Exception Handling", "{C8D04F11-19A8-42B1-BEFD-47C659A69164}"
EndProject
Project("{2150E333-8FDC-42A3-9474-1A3956D46DE8}") = "Inter Thread Communication", "Inter Thread Communication", "{44C16958-5D7D-4724-A524-405BB5723BFC}"
EndProject
Project("{2150E333-8FDC-42A3-9474-1A3956D46DE8}") = "Collections", "Collections", "{F702E000-80A7-498A-AFCC-E4ED19AAAB9E}"
EndProject
Project("{2150E333-8FDC-42A3-9474-1A3956D46DE8}") = "Arrays", "Arrays", "{F871722D-6002-4E02-BF7A-1313FD5FE0EC}"
EndProject
Project("{2150E333-8FDC-42A3-9474-1A3956D46DE8}") = "2D Arrays", "2D Arrays", "{C5DA1250-910E-4DC4-B890-478E70EF1A0B}"
EndProject
Project("{2150E333-8FDC-42A3-9474-1A3956D46DE8}") = "ArrayList", "ArrayList", "{84688B55-B112-452B-92C5-E7B9020DA148}"
EndProject
Project("{2150E333-8FDC-42A3-9474-1A3956D46DE8}") = "HashTable", "HashTable", "{07A9842D-A351-4013-9208-8280E8C475C7}"
EndProject
Project("{2150E333-8FDC-42A3-9474-1A3956D46DE8}") = "Stack", "Stack", "{A24BFA2D-1C20-44C6-8A54-67FD0FBC906F}"
EndProject
Project("{2150E333-8FDC-42A3-9474-1A3956D46DE8}") = "Queue", "Queue", "{CC0774BA-E43A-4A82-9F3B-588F49C0665B}"
EndProject
Project("{9A19103F-16F7-4668-BE54-9A1E7A4F7556}") = "Ex1-Create_Initialize_SameStatement", "Collections\1. Array\Ex1-Create_Initialize_SameStatement\Ex1-Create_Initialize_SameStatement.csproj", "{E704E884-D6AE-40EC-B992-D7A05BD1332D}"
EndProject
Project("{9A19103F-16F7-4668-BE54-9A1E7A4F7556}") = "Ex2-Create_Initialize_Separately", "Collections\1. Array\Ex2-Create_Initialize_Separately\Ex2-Create_Initialize_Separately.csproj", "{4E8DCEBC-B60B-4112-9462-F9914832145B}"
EndProject
Project("{9A19103F-16F7-4668-BE54-9A1E7A4F7556}") = "Ex3-Dynamically_Initialize", "Collections\1. Array\Ex3-Dynamically_Initialize\Ex3-Dynamically_Initialize.csproj", "{3E0FB3FC-C71B-4E84-9F59-5F8107CA942D}"
EndProject
Project("{9A19103F-16F7-4668-BE54-9A1E7A4F7556}") = "Ex4-ArrayClassMethodDemo", "Collections\1. Array\Ex4-ArrayClassMethodDemo\Ex4-ArrayClassMethodDemo.csproj", "{01A41021-1DD2-4E7A-953E-74F727F6E16B}"
EndProject
Project("{9A19103F-16F7-4668-BE54-9A1E7A4F7556}") = "Ex1-Stack", "Collections\2. Stack\Ex1-Stack.csproj", "{D130D7D4-37A1-4AD0-A19A-5C0CA195E3BA}"
EndProject
Project("{9A19103F-16F7-4668-BE54-9A1E7A4F7556}") = "Queue-Demo", "Collections\6. Queue-Demo\Queue-Demo.csproj", "{AF347C4B-977B-4C47-8083-6EC4558DAD04}"
EndProject
Project("{9A19103F-16F7-4668-BE54-9A1E7A4F7556}") = "Ex1-2D Array", "Collections\3. 2D Arrays\Ex1-2D Array\Ex1-2D Array.csproj", "{7016C543-6253-40C0-AC5E-F269B42AB4C6}"
EndProject
Project("{9A19103F-16F7-4668-BE54-9A1E7A4F7556}") = "Ex2-2D_Array_Declare_Initialization", "Collections\3. 2D Arrays\Ex2-2D_Array_Declare_Initialization\Ex2-2D_Array_Declare_Initialization.csproj", "{6F4E07BE-F664-4054-82FB-6035B021BE66}"
EndProject
Project("{9A19103F-16F7-4668-BE54-9A1E7A4F7556}") = "Ex3-Add_2_Matrix", "Collections\3. 2D Arrays\Ex3-Add_2_Matrix\Ex3-Add_2_Matrix.csproj", "{B8D79A34-6790-4086-AF2E-A30383FCBD41}"
EndProject
Project("{9A19103F-16F7-4668-BE54-9A1E7A4F7556}") = "Ex4-Jagged_Array", "Collections\3. 2D Arrays\Ex4-Jagged_Array\Ex4-Jagged_Array.csproj", "{6769EC27-FFEB-47DD-B792-2172DC497CDC}"
EndProject
Project("{9A19103F-16F7-4668-BE54-9A1E7A4F7556}") = "Ex1_CreateArrayList", "Collections\4. ArrayList\Ex1_CreateArrayList\Ex1_CreateArrayList.csproj", "{EC5BD659-C9E4-4390-813E-8E74555C5BA7}"
EndProject
Project("{9A19103F-16F7-4668-BE54-9A1E7A4F7556}") = "Ex2_AccessArrayList", "Collections\4. ArrayList\Ex2_AccessArrayList\Ex2_AccessArrayList.csproj", "{A18E5C28-5EEA-4374-8B5F-1FC0AB41A19B}"
EndProject
Project("{9A19103F-16F7-4668-BE54-9A1E7A4F7556}") = "Ex3-InsertIntoSpecificPosition", "Collections\4. ArrayList\Ex3-InsertIntoSpecificPosition\Ex3-InsertIntoSpecificPosition.csproj", "{32479310-E6B5-4324-83B4-105699A1839A}"
EndProject
Project("{9A19103F-16F7-4668-BE54-9A1E7A4F7556}") = "Ex4-RemoveElementArrayList", "Collections\4. ArrayList\Ex4-RemoveElementArrayList\Ex4-RemoveElementArrayList.csproj", "{37906BF8-00C7-4306-816B-BEA0BBBCA2D2}"
EndProject
Project("{9A19103F-16F7-4668-BE54-9A1E7A4F7556}") = "Ex5-CheckElementExistsArrayList", "Collections\4. ArrayList\Ex5-CheckElementExistsArrayList\Ex5-CheckElementExistsArrayList.csproj", "{8F32D16C-8274-49C0-8985-7220F3146C15}"
EndProject
Project("{9A19103F-16F7-4668-BE54-9A1E7A4F7556}") = "Ex6-CloneArrayList", "Collections\4. ArrayList\Ex6-CloneArrayList\Ex6-CloneArrayList.csproj", "{E6EA6DEF-4452-48A4-9C5B-CEC28A17514B}"
EndProject
Project("{9A19103F-16F7-4668-BE54-9A1E7A4F7556}") = "Ex7-Copy,Sort-ArrayList", "Collections\4. ArrayList\Ex7-Copy,Sort-ArrayList\Ex7-Copy,Sort-ArrayList.csproj", "{98676D9E-27C3-4218-B64C-75132D1B4943}"
EndProject
Project("{9A19103F-16F7-4668-BE54-9A1E7A4F7556}") = "Ex1-CreateAndAddElements", "Collections\5. HashTable\Ex1-CreateAndAddElements\Ex1-CreateAndAddElements.csproj", "{9F94637B-BBF9-4191-A74A-B5B7E51E7F26}"
EndProject
Project("{9A19103F-16F7-4668-BE54-9A1E7A4F7556}") = "Ex2-CheckAvailabilityHashtable", "Collections\5. HashTable\Ex2-CheckAvailabilityHashtable\Ex2-CheckAvailabilityHashtable.csproj", "{6ACFE84A-5A51-4A41-BBAB-91FE9C51CEA5}"
EndProject
Project("{9A19103F-16F7-4668-BE54-9A1E7A4F7556}") = "Ex3-RemoveElementsHashtable", "Collections\5. HashTable\Ex3-RemoveElementsHashtable\Ex3-RemoveElementsHashtable.csproj", "{D41B7541-78E9-4812-B514-4478EB643875}"
EndProject
Project("{9A19103F-16F7-4668-BE54-9A1E7A4F7556}") = "Ex4-AssignValueHashtable", "Collections\5. HashTable\Ex4-AssignValueHashtable\Ex4-AssignValueHashtable.csproj", "{BAC9E9A2-05F2-4A76-9FA3-DD7505BD2C0F}"
EndProject
Project("{9A19103F-16F7-4668-BE54-9A1E7A4F7556}") = "Ex5-UpdateHashtable", "Collections\5. HashTable\Ex5-UpdateHashtable\Ex5-UpdateHashtable.csproj", "{94EF141D-0229-4DE2-94EF-BAD8AFCEE41E}"
EndProject
Project("{9A19103F-16F7-4668-BE54-9A1E7A4F7556}") = "Ex6-CloneCopyToHashtable", "Collections\5. HashTable\Ex6-CloneCopyToHashtable\Ex6-CloneCopyToHashtable.csproj", "{DE6512A1-FE1E-4E72-AEDE-CCC04C502BFD}"
EndProject
Project("{9A19103F-16F7-4668-BE54-9A1E7A4F7556}") = "DelegateDemo", "Events, Delegate, Lambda\DelegateDemo\DelegateDemo.csproj", "{C6AAF20A-F4D7-4E4A-AC0F-882CB870A4F6}"
EndProject
Project("{9A19103F-16F7-4668-BE54-9A1E7A4F7556}") = "AnnonymousMethodDemo", "Events, Delegate, Lambda\AnnonymousMethodDemo\AnnonymousMethodDemo.csproj", "{7DC92C08-9919-4E66-A6FC-8358D2152650}"
EndProject
Project("{9A19103F-16F7-4668-BE54-9A1E7A4F7556}") = "DelegateWithEvent", "Events, Delegate, Lambda\DelegateWithEvent\DelegateWithEvent.csproj", "{ED12BB29-A256-47E2-8448-B6E3DECAC63D}"
EndProject
Project("{9A19103F-16F7-4668-BE54-9A1E7A4F7556}") = "GenericDelegateDemo", "Events, Delegate, Lambda\GenericDelegateDemo\GenericDelegateDemo.csproj", "{A9D92387-6704-49F1-9BB8-6260D1F85052}"
EndProject
Project("{9A19103F-16F7-4668-BE54-9A1E7A4F7556}") = "Wait_Pulse_Demo2", "Thread\1. Inter Thread Communication\Wait_Pulse_Demo2\Wait_Pulse_Demo2.csproj", "{941F76F0-97E3-46A1-842D-6D8AF5821EA2}"
EndProject
Project("{9A19103F-16F7-4668-BE54-9A1E7A4F7556}") = "Wait_Pulse_Demo", "Thread\1. Inter Thread Communication\Wait_Pulse_Demo\Wait_Pulse_Demo.csproj", "{D1C58384-8D79-41AA-8131-2296FD38DFA6}"
EndProject
Project("{9A19103F-16F7-4668-BE54-9A1E7A4F7556}") = "CallbackThread", "Thread\CallbackThread\CallbackThread.csproj", "{0B9C8805-AE6E-4C26-A846-E05159CAF6BE}"
EndProject
Project("{9A19103F-16F7-4668-BE54-9A1E7A4F7556}") = "DeadLockDemo", "Thread\DeadLockDemo\DeadLockDemo.csproj", "{D8FCA68D-E5C0-420A-9BA4-44EBD72AD398}"
EndProject
Project("{9A19103F-16F7-4668-BE54-9A1E7A4F7556}") = "Direct,ThreadStart,ParameterizedThreadStart", "Thread\Direct,ThreadStart,ParameterizedThreadStart\Direct,ThreadStart,ParameterizedThreadStart.csproj", "{77913620-441B-41D0-A3DD-631DBD5326DE}"
EndProject
Project("{9A19103F-16F7-4668-BE54-9A1E7A4F7556}") = "Forground-Background-Thread", "Thread\Forground-Background-Thread\Forground-Background-Thread.csproj", "{6CBD7B4E-A1DF-46A0-A5B5-E1F2A9E7AD32}"
EndProject
Project("{9A19103F-16F7-4668-BE54-9A1E7A4F7556}") = "MonitorDemo", "Thread\MonitorDemo\MonitorDemo.csproj", "{8EC1B97C-4350-4E7E-81BA-93CC178E965B}"
EndProject
Project("{9A19103F-16F7-4668-BE54-9A1E7A4F7556}") = "MultiThreading", "Thread\MultiThreading\MultiThreading.csproj", "{37EFE102-12E8-4E65-8539-2C572F370A2F}"
EndProject
Project("{9A19103F-16F7-4668-BE54-9A1E7A4F7556}") = "MutexDemo", "Thread\MutexDemo\MutexDemo.csproj", "{2F849DD8-F870-4357-875D-B9E033CD4122}"
EndProject
Project("{9A19103F-16F7-4668-BE54-9A1E7A4F7556}") = "PerformanceTestingMultithreading", "Thread\PerformanceTestingMultithreading\PerformanceTestingMultithreading.csproj", "{3AAAAD4B-4BBD-4C64-AC83-7AC061A1EBFB}"
EndProject
Project("{9A19103F-16F7-4668-BE54-9A1E7A4F7556}") = "ResetEvent_Thread", "Thread\ResetEvent_Thread\ResetEvent_Thread.csproj", "{8759DC42-AADF-4F6E-8CC7-1C0F82FD3ADA}"
EndProject
Project("{9A19103F-16F7-4668-BE54-9A1E7A4F7556}") = "SemaphoreDemo", "Thread\SemaphoreDemo\SemaphoreDemo.csproj", "{E79BD7D5-49DC-4FE1-A50C-C4407DE8D97F}"
EndProject
Project("{9A19103F-16F7-4668-BE54-9A1E7A4F7556}") = "SemaphoreSlimDemo", "Thread\SemaphoreSlimDemo\SemaphoreSlimDemo.csproj", "{717F0A30-C938-4AAC-A76F-43CB7887F6B6}"
EndProject
Project("{9A19103F-16F7-4668-BE54-9A1E7A4F7556}") = "Thread_Join_Demo", "Thread\Thread_Join_Demo\Thread_Join_Demo.csproj", "{26A17E4C-7395-431E-9E05-8CA0216FDBD4}"
EndProject
Project("{9A19103F-16F7-4668-BE54-9A1E7A4F7556}") = "ThreadPool", "Thread\ThreadPool\ThreadPool.csproj", "{A5365851-581B-4ABF-855A-869FB45197BA}"
EndProject
Project("{9A19103F-16F7-4668-BE54-9A1E7A4F7556}") = "ThreadStateDemo", "Thread\ThreadStateDemo\ThreadStateDemo.csproj", "{BB9B6F1D-EF5D-4DBD-8A16-AF495F6C2969}"
EndProject
Project("{9A19103F-16F7-4668-BE54-9A1E7A4F7556}") = "ThreadSynchronization", "Thread\ThreadSynchronization\ThreadSynchronization.csproj", "{70F0857C-952A-4EEF-A78E-B12E203C59C5}"
EndProject
Project("{9A19103F-16F7-4668-BE54-9A1E7A4F7556}") = "ThreadTerminateDemo", "Thread\ThreadTerminateDemo\ThreadTerminateDemo.csproj", "{01F7F167-A49F-4DCD-A1B9-18A93C19E6A7}"
EndProject
Global
	GlobalSection(SolutionConfigurationPlatforms) = preSolution
		Debug|Any CPU = Debug|Any CPU
		Release|Any CPU = Release|Any CPU
	EndGlobalSection
	GlobalSection(ProjectConfigurationPlatforms) = postSolution
		{00F45E73-FAA9-40E9-8CB0-F0C174D7E714}.Debug|Any CPU.ActiveCfg = Debug|Any CPU
		{00F45E73-FAA9-40E9-8CB0-F0C174D7E714}.Debug|Any CPU.Build.0 = Debug|Any CPU
		{00F45E73-FAA9-40E9-8CB0-F0C174D7E714}.Release|Any CPU.ActiveCfg = Release|Any CPU
		{00F45E73-FAA9-40E9-8CB0-F0C174D7E714}.Release|Any CPU.Build.0 = Release|Any CPU
		{1BAD871F-E8EE-4CFA-B603-138FD2A7A938}.Debug|Any CPU.ActiveCfg = Debug|Any CPU
		{1BAD871F-E8EE-4CFA-B603-138FD2A7A938}.Debug|Any CPU.Build.0 = Debug|Any CPU
		{1BAD871F-E8EE-4CFA-B603-138FD2A7A938}.Release|Any CPU.ActiveCfg = Release|Any CPU
		{1BAD871F-E8EE-4CFA-B603-138FD2A7A938}.Release|Any CPU.Build.0 = Release|Any CPU
		{590293B4-7AC2-4758-B42C-5F052E089980}.Debug|Any CPU.ActiveCfg = Debug|Any CPU
		{590293B4-7AC2-4758-B42C-5F052E089980}.Debug|Any CPU.Build.0 = Debug|Any CPU
		{590293B4-7AC2-4758-B42C-5F052E089980}.Release|Any CPU.ActiveCfg = Release|Any CPU
		{590293B4-7AC2-4758-B42C-5F052E089980}.Release|Any CPU.Build.0 = Release|Any CPU
		{E704E884-D6AE-40EC-B992-D7A05BD1332D}.Debug|Any CPU.ActiveCfg = Debug|Any CPU
		{E704E884-D6AE-40EC-B992-D7A05BD1332D}.Debug|Any CPU.Build.0 = Debug|Any CPU
		{E704E884-D6AE-40EC-B992-D7A05BD1332D}.Release|Any CPU.ActiveCfg = Release|Any CPU
		{E704E884-D6AE-40EC-B992-D7A05BD1332D}.Release|Any CPU.Build.0 = Release|Any CPU
		{4E8DCEBC-B60B-4112-9462-F9914832145B}.Debug|Any CPU.ActiveCfg = Debug|Any CPU
		{4E8DCEBC-B60B-4112-9462-F9914832145B}.Debug|Any CPU.Build.0 = Debug|Any CPU
		{4E8DCEBC-B60B-4112-9462-F9914832145B}.Release|Any CPU.ActiveCfg = Release|Any CPU
		{4E8DCEBC-B60B-4112-9462-F9914832145B}.Release|Any CPU.Build.0 = Release|Any CPU
		{3E0FB3FC-C71B-4E84-9F59-5F8107CA942D}.Debug|Any CPU.ActiveCfg = Debug|Any CPU
		{3E0FB3FC-C71B-4E84-9F59-5F8107CA942D}.Debug|Any CPU.Build.0 = Debug|Any CPU
		{3E0FB3FC-C71B-4E84-9F59-5F8107CA942D}.Release|Any CPU.ActiveCfg = Release|Any CPU
		{3E0FB3FC-C71B-4E84-9F59-5F8107CA942D}.Release|Any CPU.Build.0 = Release|Any CPU
		{01A41021-1DD2-4E7A-953E-74F727F6E16B}.Debug|Any CPU.ActiveCfg = Debug|Any CPU
		{01A41021-1DD2-4E7A-953E-74F727F6E16B}.Debug|Any CPU.Build.0 = Debug|Any CPU
		{01A41021-1DD2-4E7A-953E-74F727F6E16B}.Release|Any CPU.ActiveCfg = Release|Any CPU
		{01A41021-1DD2-4E7A-953E-74F727F6E16B}.Release|Any CPU.Build.0 = Release|Any CPU
		{D130D7D4-37A1-4AD0-A19A-5C0CA195E3BA}.Debug|Any CPU.ActiveCfg = Debug|Any CPU
		{D130D7D4-37A1-4AD0-A19A-5C0CA195E3BA}.Debug|Any CPU.Build.0 = Debug|Any CPU
		{D130D7D4-37A1-4AD0-A19A-5C0CA195E3BA}.Release|Any CPU.ActiveCfg = Release|Any CPU
		{D130D7D4-37A1-4AD0-A19A-5C0CA195E3BA}.Release|Any CPU.Build.0 = Release|Any CPU
		{AF347C4B-977B-4C47-8083-6EC4558DAD04}.Debug|Any CPU.ActiveCfg = Debug|Any CPU
		{AF347C4B-977B-4C47-8083-6EC4558DAD04}.Debug|Any CPU.Build.0 = Debug|Any CPU
		{AF347C4B-977B-4C47-8083-6EC4558DAD04}.Release|Any CPU.ActiveCfg = Release|Any CPU
		{AF347C4B-977B-4C47-8083-6EC4558DAD04}.Release|Any CPU.Build.0 = Release|Any CPU
		{7016C543-6253-40C0-AC5E-F269B42AB4C6}.Debug|Any CPU.ActiveCfg = Debug|Any CPU
		{7016C543-6253-40C0-AC5E-F269B42AB4C6}.Debug|Any CPU.Build.0 = Debug|Any CPU
		{7016C543-6253-40C0-AC5E-F269B42AB4C6}.Release|Any CPU.ActiveCfg = Release|Any CPU
		{7016C543-6253-40C0-AC5E-F269B42AB4C6}.Release|Any CPU.Build.0 = Release|Any CPU
		{6F4E07BE-F664-4054-82FB-6035B021BE66}.Debug|Any CPU.ActiveCfg = Debug|Any CPU
		{6F4E07BE-F664-4054-82FB-6035B021BE66}.Debug|Any CPU.Build.0 = Debug|Any CPU
		{6F4E07BE-F664-4054-82FB-6035B021BE66}.Release|Any CPU.ActiveCfg = Release|Any CPU
		{6F4E07BE-F664-4054-82FB-6035B021BE66}.Release|Any CPU.Build.0 = Release|Any CPU
		{B8D79A34-6790-4086-AF2E-A30383FCBD41}.Debug|Any CPU.ActiveCfg = Debug|Any CPU
		{B8D79A34-6790-4086-AF2E-A30383FCBD41}.Debug|Any CPU.Build.0 = Debug|Any CPU
		{B8D79A34-6790-4086-AF2E-A30383FCBD41}.Release|Any CPU.ActiveCfg = Release|Any CPU
		{B8D79A34-6790-4086-AF2E-A30383FCBD41}.Release|Any CPU.Build.0 = Release|Any CPU
		{6769EC27-FFEB-47DD-B792-2172DC497CDC}.Debug|Any CPU.ActiveCfg = Debug|Any CPU
		{6769EC27-FFEB-47DD-B792-2172DC497CDC}.Debug|Any CPU.Build.0 = Debug|Any CPU
		{6769EC27-FFEB-47DD-B792-2172DC497CDC}.Release|Any CPU.ActiveCfg = Release|Any CPU
		{6769EC27-FFEB-47DD-B792-2172DC497CDC}.Release|Any CPU.Build.0 = Release|Any CPU
		{EC5BD659-C9E4-4390-813E-8E74555C5BA7}.Debug|Any CPU.ActiveCfg = Debug|Any CPU
		{EC5BD659-C9E4-4390-813E-8E74555C5BA7}.Debug|Any CPU.Build.0 = Debug|Any CPU
		{EC5BD659-C9E4-4390-813E-8E74555C5BA7}.Release|Any CPU.ActiveCfg = Release|Any CPU
		{EC5BD659-C9E4-4390-813E-8E74555C5BA7}.Release|Any CPU.Build.0 = Release|Any CPU
		{A18E5C28-5EEA-4374-8B5F-1FC0AB41A19B}.Debug|Any CPU.ActiveCfg = Debug|Any CPU
		{A18E5C28-5EEA-4374-8B5F-1FC0AB41A19B}.Debug|Any CPU.Build.0 = Debug|Any CPU
		{A18E5C28-5EEA-4374-8B5F-1FC0AB41A19B}.Release|Any CPU.ActiveCfg = Release|Any CPU
		{A18E5C28-5EEA-4374-8B5F-1FC0AB41A19B}.Release|Any CPU.Build.0 = Release|Any CPU
		{32479310-E6B5-4324-83B4-105699A1839A}.Debug|Any CPU.ActiveCfg = Debug|Any CPU
		{32479310-E6B5-4324-83B4-105699A1839A}.Debug|Any CPU.Build.0 = Debug|Any CPU
		{32479310-E6B5-4324-83B4-105699A1839A}.Release|Any CPU.ActiveCfg = Release|Any CPU
		{32479310-E6B5-4324-83B4-105699A1839A}.Release|Any CPU.Build.0 = Release|Any CPU
		{37906BF8-00C7-4306-816B-BEA0BBBCA2D2}.Debug|Any CPU.ActiveCfg = Debug|Any CPU
		{37906BF8-00C7-4306-816B-BEA0BBBCA2D2}.Debug|Any CPU.Build.0 = Debug|Any CPU
		{37906BF8-00C7-4306-816B-BEA0BBBCA2D2}.Release|Any CPU.ActiveCfg = Release|Any CPU
		{37906BF8-00C7-4306-816B-BEA0BBBCA2D2}.Release|Any CPU.Build.0 = Release|Any CPU
		{8F32D16C-8274-49C0-8985-7220F3146C15}.Debug|Any CPU.ActiveCfg = Debug|Any CPU
		{8F32D16C-8274-49C0-8985-7220F3146C15}.Debug|Any CPU.Build.0 = Debug|Any CPU
		{8F32D16C-8274-49C0-8985-7220F3146C15}.Release|Any CPU.ActiveCfg = Release|Any CPU
		{8F32D16C-8274-49C0-8985-7220F3146C15}.Release|Any CPU.Build.0 = Release|Any CPU
		{E6EA6DEF-4452-48A4-9C5B-CEC28A17514B}.Debug|Any CPU.ActiveCfg = Debug|Any CPU
		{E6EA6DEF-4452-48A4-9C5B-CEC28A17514B}.Debug|Any CPU.Build.0 = Debug|Any CPU
		{E6EA6DEF-4452-48A4-9C5B-CEC28A17514B}.Release|Any CPU.ActiveCfg = Release|Any CPU
		{E6EA6DEF-4452-48A4-9C5B-CEC28A17514B}.Release|Any CPU.Build.0 = Release|Any CPU
		{98676D9E-27C3-4218-B64C-75132D1B4943}.Debug|Any CPU.ActiveCfg = Debug|Any CPU
		{98676D9E-27C3-4218-B64C-75132D1B4943}.Debug|Any CPU.Build.0 = Debug|Any CPU
		{98676D9E-27C3-4218-B64C-75132D1B4943}.Release|Any CPU.ActiveCfg = Release|Any CPU
		{98676D9E-27C3-4218-B64C-75132D1B4943}.Release|Any CPU.Build.0 = Release|Any CPU
		{9F94637B-BBF9-4191-A74A-B5B7E51E7F26}.Debug|Any CPU.ActiveCfg = Debug|Any CPU
		{9F94637B-BBF9-4191-A74A-B5B7E51E7F26}.Debug|Any CPU.Build.0 = Debug|Any CPU
		{9F94637B-BBF9-4191-A74A-B5B7E51E7F26}.Release|Any CPU.ActiveCfg = Release|Any CPU
		{9F94637B-BBF9-4191-A74A-B5B7E51E7F26}.Release|Any CPU.Build.0 = Release|Any CPU
		{6ACFE84A-5A51-4A41-BBAB-91FE9C51CEA5}.Debug|Any CPU.ActiveCfg = Debug|Any CPU
		{6ACFE84A-5A51-4A41-BBAB-91FE9C51CEA5}.Debug|Any CPU.Build.0 = Debug|Any CPU
		{6ACFE84A-5A51-4A41-BBAB-91FE9C51CEA5}.Release|Any CPU.ActiveCfg = Release|Any CPU
		{6ACFE84A-5A51-4A41-BBAB-91FE9C51CEA5}.Release|Any CPU.Build.0 = Release|Any CPU
		{D41B7541-78E9-4812-B514-4478EB643875}.Debug|Any CPU.ActiveCfg = Debug|Any CPU
		{D41B7541-78E9-4812-B514-4478EB643875}.Debug|Any CPU.Build.0 = Debug|Any CPU
		{D41B7541-78E9-4812-B514-4478EB643875}.Release|Any CPU.ActiveCfg = Release|Any CPU
		{D41B7541-78E9-4812-B514-4478EB643875}.Release|Any CPU.Build.0 = Release|Any CPU
		{BAC9E9A2-05F2-4A76-9FA3-DD7505BD2C0F}.Debug|Any CPU.ActiveCfg = Debug|Any CPU
		{BAC9E9A2-05F2-4A76-9FA3-DD7505BD2C0F}.Debug|Any CPU.Build.0 = Debug|Any CPU
		{BAC9E9A2-05F2-4A76-9FA3-DD7505BD2C0F}.Release|Any CPU.ActiveCfg = Release|Any CPU
		{BAC9E9A2-05F2-4A76-9FA3-DD7505BD2C0F}.Release|Any CPU.Build.0 = Release|Any CPU
		{94EF141D-0229-4DE2-94EF-BAD8AFCEE41E}.Debug|Any CPU.ActiveCfg = Debug|Any CPU
		{94EF141D-0229-4DE2-94EF-BAD8AFCEE41E}.Debug|Any CPU.Build.0 = Debug|Any CPU
		{94EF141D-0229-4DE2-94EF-BAD8AFCEE41E}.Release|Any CPU.ActiveCfg = Release|Any CPU
		{94EF141D-0229-4DE2-94EF-BAD8AFCEE41E}.Release|Any CPU.Build.0 = Release|Any CPU
		{DE6512A1-FE1E-4E72-AEDE-CCC04C502BFD}.Debug|Any CPU.ActiveCfg = Debug|Any CPU
		{DE6512A1-FE1E-4E72-AEDE-CCC04C502BFD}.Debug|Any CPU.Build.0 = Debug|Any CPU
		{DE6512A1-FE1E-4E72-AEDE-CCC04C502BFD}.Release|Any CPU.ActiveCfg = Release|Any CPU
		{DE6512A1-FE1E-4E72-AEDE-CCC04C502BFD}.Release|Any CPU.Build.0 = Release|Any CPU
		{C6AAF20A-F4D7-4E4A-AC0F-882CB870A4F6}.Debug|Any CPU.ActiveCfg = Debug|Any CPU
		{C6AAF20A-F4D7-4E4A-AC0F-882CB870A4F6}.Debug|Any CPU.Build.0 = Debug|Any CPU
		{C6AAF20A-F4D7-4E4A-AC0F-882CB870A4F6}.Release|Any CPU.ActiveCfg = Release|Any CPU
		{C6AAF20A-F4D7-4E4A-AC0F-882CB870A4F6}.Release|Any CPU.Build.0 = Release|Any CPU
		{7DC92C08-9919-4E66-A6FC-8358D2152650}.Debug|Any CPU.ActiveCfg = Debug|Any CPU
		{7DC92C08-9919-4E66-A6FC-8358D2152650}.Debug|Any CPU.Build.0 = Debug|Any CPU
		{7DC92C08-9919-4E66-A6FC-8358D2152650}.Release|Any CPU.ActiveCfg = Release|Any CPU
		{7DC92C08-9919-4E66-A6FC-8358D2152650}.Release|Any CPU.Build.0 = Release|Any CPU
		{ED12BB29-A256-47E2-8448-B6E3DECAC63D}.Debug|Any CPU.ActiveCfg = Debug|Any CPU
		{ED12BB29-A256-47E2-8448-B6E3DECAC63D}.Debug|Any CPU.Build.0 = Debug|Any CPU
		{ED12BB29-A256-47E2-8448-B6E3DECAC63D}.Release|Any CPU.ActiveCfg = Release|Any CPU
		{ED12BB29-A256-47E2-8448-B6E3DECAC63D}.Release|Any CPU.Build.0 = Release|Any CPU
		{A9D92387-6704-49F1-9BB8-6260D1F85052}.Debug|Any CPU.ActiveCfg = Debug|Any CPU
		{A9D92387-6704-49F1-9BB8-6260D1F85052}.Debug|Any CPU.Build.0 = Debug|Any CPU
		{A9D92387-6704-49F1-9BB8-6260D1F85052}.Release|Any CPU.ActiveCfg = Release|Any CPU
		{A9D92387-6704-49F1-9BB8-6260D1F85052}.Release|Any CPU.Build.0 = Release|Any CPU
		{941F76F0-97E3-46A1-842D-6D8AF5821EA2}.Debug|Any CPU.ActiveCfg = Debug|Any CPU
		{941F76F0-97E3-46A1-842D-6D8AF5821EA2}.Debug|Any CPU.Build.0 = Debug|Any CPU
		{941F76F0-97E3-46A1-842D-6D8AF5821EA2}.Release|Any CPU.ActiveCfg = Release|Any CPU
		{941F76F0-97E3-46A1-842D-6D8AF5821EA2}.Release|Any CPU.Build.0 = Release|Any CPU
		{D1C58384-8D79-41AA-8131-2296FD38DFA6}.Debug|Any CPU.ActiveCfg = Debug|Any CPU
		{D1C58384-8D79-41AA-8131-2296FD38DFA6}.Debug|Any CPU.Build.0 = Debug|Any CPU
		{D1C58384-8D79-41AA-8131-2296FD38DFA6}.Release|Any CPU.ActiveCfg = Release|Any CPU
		{D1C58384-8D79-41AA-8131-2296FD38DFA6}.Release|Any CPU.Build.0 = Release|Any CPU
		{0B9C8805-AE6E-4C26-A846-E05159CAF6BE}.Debug|Any CPU.ActiveCfg = Debug|Any CPU
		{0B9C8805-AE6E-4C26-A846-E05159CAF6BE}.Debug|Any CPU.Build.0 = Debug|Any CPU
		{0B9C8805-AE6E-4C26-A846-E05159CAF6BE}.Release|Any CPU.ActiveCfg = Release|Any CPU
		{0B9C8805-AE6E-4C26-A846-E05159CAF6BE}.Release|Any CPU.Build.0 = Release|Any CPU
		{D8FCA68D-E5C0-420A-9BA4-44EBD72AD398}.Debug|Any CPU.ActiveCfg = Debug|Any CPU
		{D8FCA68D-E5C0-420A-9BA4-44EBD72AD398}.Debug|Any CPU.Build.0 = Debug|Any CPU
		{D8FCA68D-E5C0-420A-9BA4-44EBD72AD398}.Release|Any CPU.ActiveCfg = Release|Any CPU
		{D8FCA68D-E5C0-420A-9BA4-44EBD72AD398}.Release|Any CPU.Build.0 = Release|Any CPU
		{77913620-441B-41D0-A3DD-631DBD5326DE}.Debug|Any CPU.ActiveCfg = Debug|Any CPU
		{77913620-441B-41D0-A3DD-631DBD5326DE}.Debug|Any CPU.Build.0 = Debug|Any CPU
		{77913620-441B-41D0-A3DD-631DBD5326DE}.Release|Any CPU.ActiveCfg = Release|Any CPU
		{77913620-441B-41D0-A3DD-631DBD5326DE}.Release|Any CPU.Build.0 = Release|Any CPU
		{6CBD7B4E-A1DF-46A0-A5B5-E1F2A9E7AD32}.Debug|Any CPU.ActiveCfg = Debug|Any CPU
		{6CBD7B4E-A1DF-46A0-A5B5-E1F2A9E7AD32}.Debug|Any CPU.Build.0 = Debug|Any CPU
		{6CBD7B4E-A1DF-46A0-A5B5-E1F2A9E7AD32}.Release|Any CPU.ActiveCfg = Release|Any CPU
		{6CBD7B4E-A1DF-46A0-A5B5-E1F2A9E7AD32}.Release|Any CPU.Build.0 = Release|Any CPU
		{8EC1B97C-4350-4E7E-81BA-93CC178E965B}.Debug|Any CPU.ActiveCfg = Debug|Any CPU
		{8EC1B97C-4350-4E7E-81BA-93CC178E965B}.Debug|Any CPU.Build.0 = Debug|Any CPU
		{8EC1B97C-4350-4E7E-81BA-93CC178E965B}.Release|Any CPU.ActiveCfg = Release|Any CPU
		{8EC1B97C-4350-4E7E-81BA-93CC178E965B}.Release|Any CPU.Build.0 = Release|Any CPU
		{37EFE102-12E8-4E65-8539-2C572F370A2F}.Debug|Any CPU.ActiveCfg = Debug|Any CPU
		{37EFE102-12E8-4E65-8539-2C572F370A2F}.Debug|Any CPU.Build.0 = Debug|Any CPU
		{37EFE102-12E8-4E65-8539-2C572F370A2F}.Release|Any CPU.ActiveCfg = Release|Any CPU
		{37EFE102-12E8-4E65-8539-2C572F370A2F}.Release|Any CPU.Build.0 = Release|Any CPU
		{2F849DD8-F870-4357-875D-B9E033CD4122}.Debug|Any CPU.ActiveCfg = Debug|Any CPU
		{2F849DD8-F870-4357-875D-B9E033CD4122}.Debug|Any CPU.Build.0 = Debug|Any CPU
		{2F849DD8-F870-4357-875D-B9E033CD4122}.Release|Any CPU.ActiveCfg = Release|Any CPU
		{2F849DD8-F870-4357-875D-B9E033CD4122}.Release|Any CPU.Build.0 = Release|Any CPU
		{3AAAAD4B-4BBD-4C64-AC83-7AC061A1EBFB}.Debug|Any CPU.ActiveCfg = Debug|Any CPU
		{3AAAAD4B-4BBD-4C64-AC83-7AC061A1EBFB}.Debug|Any CPU.Build.0 = Debug|Any CPU
		{3AAAAD4B-4BBD-4C64-AC83-7AC061A1EBFB}.Release|Any CPU.ActiveCfg = Release|Any CPU
		{3AAAAD4B-4BBD-4C64-AC83-7AC061A1EBFB}.Release|Any CPU.Build.0 = Release|Any CPU
		{8759DC42-AADF-4F6E-8CC7-1C0F82FD3ADA}.Debug|Any CPU.ActiveCfg = Debug|Any CPU
		{8759DC42-AADF-4F6E-8CC7-1C0F82FD3ADA}.Debug|Any CPU.Build.0 = Debug|Any CPU
		{8759DC42-AADF-4F6E-8CC7-1C0F82FD3ADA}.Release|Any CPU.ActiveCfg = Release|Any CPU
		{8759DC42-AADF-4F6E-8CC7-1C0F82FD3ADA}.Release|Any CPU.Build.0 = Release|Any CPU
		{E79BD7D5-49DC-4FE1-A50C-C4407DE8D97F}.Debug|Any CPU.ActiveCfg = Debug|Any CPU
		{E79BD7D5-49DC-4FE1-A50C-C4407DE8D97F}.Debug|Any CPU.Build.0 = Debug|Any CPU
		{E79BD7D5-49DC-4FE1-A50C-C4407DE8D97F}.Release|Any CPU.ActiveCfg = Release|Any CPU
		{E79BD7D5-49DC-4FE1-A50C-C4407DE8D97F}.Release|Any CPU.Build.0 = Release|Any CPU
		{717F0A30-C938-4AAC-A76F-43CB7887F6B6}.Debug|Any CPU.ActiveCfg = Debug|Any CPU
		{717F0A30-C938-4AAC-A76F-43CB7887F6B6}.Debug|Any CPU.Build.0 = Debug|Any CPU
		{717F0A30-C938-4AAC-A76F-43CB7887F6B6}.Release|Any CPU.ActiveCfg = Release|Any CPU
		{717F0A30-C938-4AAC-A76F-43CB7887F6B6}.Release|Any CPU.Build.0 = Release|Any CPU
		{26A17E4C-7395-431E-9E05-8CA0216FDBD4}.Debug|Any CPU.ActiveCfg = Debug|Any CPU
		{26A17E4C-7395-431E-9E05-8CA0216FDBD4}.Debug|Any CPU.Build.0 = Debug|Any CPU
		{26A17E4C-7395-431E-9E05-8CA0216FDBD4}.Release|Any CPU.ActiveCfg = Release|Any CPU
		{26A17E4C-7395-431E-9E05-8CA0216FDBD4}.Release|Any CPU.Build.0 = Release|Any CPU
		{A5365851-581B-4ABF-855A-869FB45197BA}.Debug|Any CPU.ActiveCfg = Debug|Any CPU
		{A5365851-581B-4ABF-855A-869FB45197BA}.Debug|Any CPU.Build.0 = Debug|Any CPU
		{A5365851-581B-4ABF-855A-869FB45197BA}.Release|Any CPU.ActiveCfg = Release|Any CPU
		{A5365851-581B-4ABF-855A-869FB45197BA}.Release|Any CPU.Build.0 = Release|Any CPU
		{BB9B6F1D-EF5D-4DBD-8A16-AF495F6C2969}.Debug|Any CPU.ActiveCfg = Debug|Any CPU
		{BB9B6F1D-EF5D-4DBD-8A16-AF495F6C2969}.Debug|Any CPU.Build.0 = Debug|Any CPU
		{BB9B6F1D-EF5D-4DBD-8A16-AF495F6C2969}.Release|Any CPU.ActiveCfg = Release|Any CPU
		{BB9B6F1D-EF5D-4DBD-8A16-AF495F6C2969}.Release|Any CPU.Build.0 = Release|Any CPU
		{70F0857C-952A-4EEF-A78E-B12E203C59C5}.Debug|Any CPU.ActiveCfg = Debug|Any CPU
		{70F0857C-952A-4EEF-A78E-B12E203C59C5}.Debug|Any CPU.Build.0 = Debug|Any CPU
		{70F0857C-952A-4EEF-A78E-B12E203C59C5}.Release|Any CPU.ActiveCfg = Release|Any CPU
		{70F0857C-952A-4EEF-A78E-B12E203C59C5}.Release|Any CPU.Build.0 = Release|Any CPU
		{01F7F167-A49F-4DCD-A1B9-18A93C19E6A7}.Debug|Any CPU.ActiveCfg = Debug|Any CPU
		{01F7F167-A49F-4DCD-A1B9-18A93C19E6A7}.Debug|Any CPU.Build.0 = Debug|Any CPU
		{01F7F167-A49F-4DCD-A1B9-18A93C19E6A7}.Release|Any CPU.ActiveCfg = Release|Any CPU
		{01F7F167-A49F-4DCD-A1B9-18A93C19E6A7}.Release|Any CPU.Build.0 = Release|Any CPU
	EndGlobalSection
	GlobalSection(SolutionProperties) = preSolution
		HideSolutionNode = FALSE
	EndGlobalSection
	GlobalSection(NestedProjects) = preSolution
		{00F45E73-FAA9-40E9-8CB0-F0C174D7E714} = {C8D04F11-19A8-42B1-BEFD-47C659A69164}
		{44C16958-5D7D-4724-A524-405BB5723BFC} = {2191649D-BB6D-4F6B-9EE8-009579635B54}
		{F871722D-6002-4E02-BF7A-1313FD5FE0EC} = {F702E000-80A7-498A-AFCC-E4ED19AAAB9E}
		{C5DA1250-910E-4DC4-B890-478E70EF1A0B} = {F702E000-80A7-498A-AFCC-E4ED19AAAB9E}
		{84688B55-B112-452B-92C5-E7B9020DA148} = {F702E000-80A7-498A-AFCC-E4ED19AAAB9E}
		{07A9842D-A351-4013-9208-8280E8C475C7} = {F702E000-80A7-498A-AFCC-E4ED19AAAB9E}
		{A24BFA2D-1C20-44C6-8A54-67FD0FBC906F} = {F702E000-80A7-498A-AFCC-E4ED19AAAB9E}
		{CC0774BA-E43A-4A82-9F3B-588F49C0665B} = {F702E000-80A7-498A-AFCC-E4ED19AAAB9E}
		{E704E884-D6AE-40EC-B992-D7A05BD1332D} = {F871722D-6002-4E02-BF7A-1313FD5FE0EC}
		{4E8DCEBC-B60B-4112-9462-F9914832145B} = {F871722D-6002-4E02-BF7A-1313FD5FE0EC}
		{3E0FB3FC-C71B-4E84-9F59-5F8107CA942D} = {F871722D-6002-4E02-BF7A-1313FD5FE0EC}
		{01A41021-1DD2-4E7A-953E-74F727F6E16B} = {F871722D-6002-4E02-BF7A-1313FD5FE0EC}
		{D130D7D4-37A1-4AD0-A19A-5C0CA195E3BA} = {A24BFA2D-1C20-44C6-8A54-67FD0FBC906F}
		{AF347C4B-977B-4C47-8083-6EC4558DAD04} = {CC0774BA-E43A-4A82-9F3B-588F49C0665B}
		{7016C543-6253-40C0-AC5E-F269B42AB4C6} = {C5DA1250-910E-4DC4-B890-478E70EF1A0B}
		{6F4E07BE-F664-4054-82FB-6035B021BE66} = {C5DA1250-910E-4DC4-B890-478E70EF1A0B}
		{B8D79A34-6790-4086-AF2E-A30383FCBD41} = {C5DA1250-910E-4DC4-B890-478E70EF1A0B}
		{6769EC27-FFEB-47DD-B792-2172DC497CDC} = {C5DA1250-910E-4DC4-B890-478E70EF1A0B}
		{EC5BD659-C9E4-4390-813E-8E74555C5BA7} = {84688B55-B112-452B-92C5-E7B9020DA148}
		{A18E5C28-5EEA-4374-8B5F-1FC0AB41A19B} = {84688B55-B112-452B-92C5-E7B9020DA148}
		{32479310-E6B5-4324-83B4-105699A1839A} = {84688B55-B112-452B-92C5-E7B9020DA148}
		{37906BF8-00C7-4306-816B-BEA0BBBCA2D2} = {84688B55-B112-452B-92C5-E7B9020DA148}
		{8F32D16C-8274-49C0-8985-7220F3146C15} = {84688B55-B112-452B-92C5-E7B9020DA148}
		{E6EA6DEF-4452-48A4-9C5B-CEC28A17514B} = {84688B55-B112-452B-92C5-E7B9020DA148}
		{98676D9E-27C3-4218-B64C-75132D1B4943} = {84688B55-B112-452B-92C5-E7B9020DA148}
		{9F94637B-BBF9-4191-A74A-B5B7E51E7F26} = {07A9842D-A351-4013-9208-8280E8C475C7}
		{6ACFE84A-5A51-4A41-BBAB-91FE9C51CEA5} = {07A9842D-A351-4013-9208-8280E8C475C7}
		{D41B7541-78E9-4812-B514-4478EB643875} = {07A9842D-A351-4013-9208-8280E8C475C7}
		{BAC9E9A2-05F2-4A76-9FA3-DD7505BD2C0F} = {07A9842D-A351-4013-9208-8280E8C475C7}
		{94EF141D-0229-4DE2-94EF-BAD8AFCEE41E} = {07A9842D-A351-4013-9208-8280E8C475C7}
		{DE6512A1-FE1E-4E72-AEDE-CCC04C502BFD} = {07A9842D-A351-4013-9208-8280E8C475C7}
		{C6AAF20A-F4D7-4E4A-AC0F-882CB870A4F6} = {41CDEC43-DF81-4E9A-ADDF-B4CBFE66A06F}
		{7DC92C08-9919-4E66-A6FC-8358D2152650} = {41CDEC43-DF81-4E9A-ADDF-B4CBFE66A06F}
		{ED12BB29-A256-47E2-8448-B6E3DECAC63D} = {41CDEC43-DF81-4E9A-ADDF-B4CBFE66A06F}
		{A9D92387-6704-49F1-9BB8-6260D1F85052} = {41CDEC43-DF81-4E9A-ADDF-B4CBFE66A06F}
		{941F76F0-97E3-46A1-842D-6D8AF5821EA2} = {44C16958-5D7D-4724-A524-405BB5723BFC}
		{D1C58384-8D79-41AA-8131-2296FD38DFA6} = {44C16958-5D7D-4724-A524-405BB5723BFC}
		{0B9C8805-AE6E-4C26-A846-E05159CAF6BE} = {2191649D-BB6D-4F6B-9EE8-009579635B54}
		{D8FCA68D-E5C0-420A-9BA4-44EBD72AD398} = {2191649D-BB6D-4F6B-9EE8-009579635B54}
		{77913620-441B-41D0-A3DD-631DBD5326DE} = {2191649D-BB6D-4F6B-9EE8-009579635B54}
		{6CBD7B4E-A1DF-46A0-A5B5-E1F2A9E7AD32} = {2191649D-BB6D-4F6B-9EE8-009579635B54}
		{8EC1B97C-4350-4E7E-81BA-93CC178E965B} = {2191649D-BB6D-4F6B-9EE8-009579635B54}
		{37EFE102-12E8-4E65-8539-2C572F370A2F} = {2191649D-BB6D-4F6B-9EE8-009579635B54}
		{2F849DD8-F870-4357-875D-B9E033CD4122} = {2191649D-BB6D-4F6B-9EE8-009579635B54}
		{3AAAAD4B-4BBD-4C64-AC83-7AC061A1EBFB} = {2191649D-BB6D-4F6B-9EE8-009579635B54}
		{8759DC42-AADF-4F6E-8CC7-1C0F82FD3ADA} = {2191649D-BB6D-4F6B-9EE8-009579635B54}
		{E79BD7D5-49DC-4FE1-A50C-C4407DE8D97F} = {2191649D-BB6D-4F6B-9EE8-009579635B54}
		{717F0A30-C938-4AAC-A76F-43CB7887F6B6} = {2191649D-BB6D-4F6B-9EE8-009579635B54}
		{26A17E4C-7395-431E-9E05-8CA0216FDBD4} = {2191649D-BB6D-4F6B-9EE8-009579635B54}
		{A5365851-581B-4ABF-855A-869FB45197BA} = {2191649D-BB6D-4F6B-9EE8-009579635B54}
		{BB9B6F1D-EF5D-4DBD-8A16-AF495F6C2969} = {2191649D-BB6D-4F6B-9EE8-009579635B54}
		{70F0857C-952A-4EEF-A78E-B12E203C59C5} = {2191649D-BB6D-4F6B-9EE8-009579635B54}
		{01F7F167-A49F-4DCD-A1B9-18A93C19E6A7} = {2191649D-BB6D-4F6B-9EE8-009579635B54}
	EndGlobalSection
	GlobalSection(ExtensibilityGlobals) = postSolution
		SolutionGuid = {1DBA839F-D5D4-47CB-BE99-8397D34BD0CA}
	EndGlobalSection
EndGlobal
