
Microsoft Visual Studio Solution File, Format Version 12.00
# Visual Studio Version 17
VisualStudioVersion = 17.11.35312.102
MinimumVisualStudioVersion = 10.0.40219.1
Project("{9A19103F-16F7-4668-BE54-9A1E7A4F7556}") = "Custom Exception", "CustomException\Custom Exception.csproj", "{00F45E73-FAA9-40E9-8CB0-F0C174D7E714}"
EndProject
Project("{9A19103F-16F7-4668-BE54-9A1E7A4F7556}") = "EqualsOverride", "EqualsOverride\EqualsOverride.csproj", "{1BAD871F-E8EE-4CFA-B603-138FD2A7A938}"
EndProject
Project("{9A19103F-16F7-4668-BE54-9A1E7A4F7556}") = "StringOverride", "StringOverride\StringOverride.csproj", "{590293B4-7AC2-4758-B42C-5F052E089980}"
EndProject
Project("{9A19103F-16F7-4668-BE54-9A1E7A4F7556}") = "DelegateDemo", "DelegateDemo\DelegateDemo.csproj", "{C2E4FD85-5E9E-4A89-A74E-889F143C608C}"
EndProject
Project("{9A19103F-16F7-4668-BE54-9A1E7A4F7556}") = "GenericDelegateDemo", "GenericDelegateDemo\GenericDelegateDemo.csproj", "{9B623C2B-CDF3-4FB2-AB68-ADF433B5A86F}"
EndProject
Project("{9A19103F-16F7-4668-BE54-9A1E7A4F7556}") = "AnnonymousMethodDemo", "AnnonymousMethodDemo\AnnonymousMethodDemo.csproj", "{0E82EF6B-E285-4328-A4CC-97C7CFCA8A25}"
EndProject
Project("{9A19103F-16F7-4668-BE54-9A1E7A4F7556}") = "DelegateWithEvent", "DelegateWithEvent\DelegateWithEvent.csproj", "{4F668610-BF2C-430A-934D-0F77A233CA3E}"
EndProject
Project("{9A19103F-16F7-4668-BE54-9A1E7A4F7556}") = "MultiThreading", "MultiThreading\MultiThreading.csproj", "{6E44F0B8-25B5-4DFE-BF8E-7E6D73BFAAAC}"
EndProject
Project("{9A19103F-16F7-4668-BE54-9A1E7A4F7556}") = "Direct,ThreadStart,ParameterizedThreadStart", "Direct,ThreadStart,ParameterizedThreadStart\Direct,ThreadStart,ParameterizedThreadStart.csproj", "{53A240BA-6A65-43F7-B74E-B63681129C9D}"
EndProject
Project("{9A19103F-16F7-4668-BE54-9A1E7A4F7556}") = "CallbackThread", "CallbackThread\CallbackThread.csproj", "{1B0EB612-FA32-4EA9-9876-C3777799BA1A}"
EndProject
Project("{9A19103F-16F7-4668-BE54-9A1E7A4F7556}") = "Thread_Join_Demo", "Thread_Join_Demo\Thread_Join_Demo.csproj", "{35B43F26-8362-4964-8586-810A55950A04}"
EndProject
Project("{9A19103F-16F7-4668-BE54-9A1E7A4F7556}") = "ThreadSynchronization", "ThreadSynchronization\ThreadSynchronization.csproj", "{7F936787-6065-4C1A-B463-990B37772AF9}"
EndProject
Project("{2150E333-8FDC-42A3-9474-1A3956D46DE8}") = "Thread", "Thread", "{2191649D-BB6D-4F6B-9EE8-009579635B54}"
EndProject
Project("{2150E333-8FDC-42A3-9474-1A3956D46DE8}") = "Events, Delegates, Lambda Expression", "Events, Delegates, Lambda Expression", "{41CDEC43-DF81-4E9A-ADDF-B4CBFE66A06F}"
EndProject
Project("{2150E333-8FDC-42A3-9474-1A3956D46DE8}") = "Exception Handling", "Exception Handling", "{C8D04F11-19A8-42B1-BEFD-47C659A69164}"
EndProject
Project("{9A19103F-16F7-4668-BE54-9A1E7A4F7556}") = "MonitorDemo", "MonitorDemo\MonitorDemo.csproj", "{6F22C9B9-2DA9-4DD9-9CF3-49801ACFCB43}"
EndProject
Project("{9A19103F-16F7-4668-BE54-9A1E7A4F7556}") = "Wait_Pulse_Demo", "Wait_Pulse_Demo\Wait_Pulse_Demo.csproj", "{66657530-1D87-46FC-B331-81B22ED60B2A}"
EndProject
Project("{9A19103F-16F7-4668-BE54-9A1E7A4F7556}") = "MutexDemo", "MutexDemo\MutexDemo.csproj", "{5D64EF51-E930-4C59-A2B1-1E5010585E4A}"
EndProject
Project("{9A19103F-16F7-4668-BE54-9A1E7A4F7556}") = "SemaphoreDemo", "SemaphoreDemo\SemaphoreDemo.csproj", "{2B7E61CF-12A5-488E-B730-FC376ACB9C86}"
EndProject
Project("{2150E333-8FDC-42A3-9474-1A3956D46DE8}") = "Readme", "Readme", "{01EE8D47-72A8-41F7-86B8-796EE9CD6117}"
EndProject
Project("{9A19103F-16F7-4668-BE54-9A1E7A4F7556}") = "SemaphoreSlimDemo", "SemaphoreSlimDemo\SemaphoreSlimDemo.csproj", "{52DEAEAC-351C-47B1-8D31-FDF703F5A74B}"
EndProject
Project("{9A19103F-16F7-4668-BE54-9A1E7A4F7556}") = "DeadLockDemo", "DeadLockDemo\DeadLockDemo.csproj", "{60440119-ECF6-4D81-A3A9-E1FE4BA9D41E}"
EndProject
Project("{9A19103F-16F7-4668-BE54-9A1E7A4F7556}") = "PerformanceTestingMultithreading", "PerformanceTestingMultithreading\PerformanceTestingMultithreading.csproj", "{F99D2674-6EB3-4317-8158-B698BB4199A5}"
EndProject
Project("{9A19103F-16F7-4668-BE54-9A1E7A4F7556}") = "ThreadPool", "ThreadPool\ThreadPool.csproj", "{CBF48D1E-829C-48A0-A83C-85A8480C1839}"
EndProject
Project("{9A19103F-16F7-4668-BE54-9A1E7A4F7556}") = "Forground-Background-Thread", "Forground-Background-Thread\Forground-Background-Thread.csproj", "{7E0E0495-CBE2-4A6C-A0AA-70F3367BA516}"
EndProject
Project("{9A19103F-16F7-4668-BE54-9A1E7A4F7556}") = "ResetEvent_Thread", "ResetEvent_Thread\ResetEvent_Thread.csproj", "{50888AF9-3EFD-496A-A899-8D2235E8CDC3}"
EndProject
Project("{9A19103F-16F7-4668-BE54-9A1E7A4F7556}") = "ThreadStateDemo", "ThreadStateDemo\ThreadStateDemo.csproj", "{81B96E7E-E084-4794-AEBE-452029380235}"
EndProject
Project("{2150E333-8FDC-42A3-9474-1A3956D46DE8}") = "Multi Threading", "Multi Threading", "{D30DED4E-93A7-4D5B-A476-E0711FCF9D8E}"
	ProjectSection(SolutionItems) = preProject
		InterThreadCommunication.md = InterThreadCommunication.md
		ResetEvent_Thread.md = ResetEvent_Thread.md
		SemaphoreNotes.md = SemaphoreNotes.md
		SemaphoreSlim.md = SemaphoreSlim.md
		ThreadLifeCycle.md = ThreadLifeCycle.md
		ThreadPool.md = ThreadPool.md
		ThreadTerminate.md = ThreadTerminate.md
	EndProjectSection
EndProject
Project("{9A19103F-16F7-4668-BE54-9A1E7A4F7556}") = "ThreadTerminateDemo", "ThreadTerminateDemo\ThreadTerminateDemo.csproj", "{32447183-4E6F-42A5-90A8-CA92075A4668}"
EndProject
Project("{2150E333-8FDC-42A3-9474-1A3956D46DE8}") = "Inter Thread Communication", "Inter Thread Communication", "{44C16958-5D7D-4724-A524-405BB5723BFC}"
EndProject
Project("{9A19103F-16F7-4668-BE54-9A1E7A4F7556}") = "Wait_Pulse_Demo2", "Wait_Pulse_Demo2\Wait_Pulse_Demo2.csproj", "{287145F6-282E-4885-99DD-3D7338F01125}"
EndProject
Project("{2150E333-8FDC-42A3-9474-1A3956D46DE8}") = "Collection C#", "Collection C#", "{1770D00B-B5C3-4907-9F4B-4AB13D29745B}"
	ProjectSection(SolutionItems) = preProject
		SingleDimensionArray.md = SingleDimensionArray.md
	EndProjectSection
EndProject
Project("{2150E333-8FDC-42A3-9474-1A3956D46DE8}") = "Collections", "Collections", "{F702E000-80A7-498A-AFCC-E4ED19AAAB9E}"
EndProject
Project("{2150E333-8FDC-42A3-9474-1A3956D46DE8}") = "Arrays", "Arrays", "{F871722D-6002-4E02-BF7A-1313FD5FE0EC}"
EndProject
Project("{FAE04EC0-301F-11D3-BF4B-00C04F79EFBC}") = "Ex1-Create_Initialize_SameStatement", "Eg1-Creating&InitializingArray\Ex1-Create_Initialize_SameStatement.csproj", "{0C0A163D-157F-4FD4-98F0-F3FE98188073}"
EndProject
Project("{FAE04EC0-301F-11D3-BF4B-00C04F79EFBC}") = "Ex2-Create_Initialize_Separately", "Ex2-Create_Initialize_Separately\Ex2-Create_Initialize_Separately.csproj", "{2ED3FBD2-B584-4661-97C1-BE5113B0A3FD}"
EndProject
Project("{FAE04EC0-301F-11D3-BF4B-00C04F79EFBC}") = "Ex3-Dynamically_Initialize", "Ex3-Dynamically_Initialize\Ex3-Dynamically_Initialize.csproj", "{CBEF2C9E-F4B5-4139-B83B-25E06B151512}"
EndProject
Project("{FAE04EC0-301F-11D3-BF4B-00C04F79EFBC}") = "Ex4-ArrayClassMethodDemo", "ArrayClassMethodDemo\Ex4-ArrayClassMethodDemo.csproj", "{C5BDA6AB-7ADC-4556-A65E-09A2A044C7DC}"
EndProject
Global
	GlobalSection(SolutionConfigurationPlatforms) = preSolution
		Debug|Any CPU = Debug|Any CPU
		Release|Any CPU = Release|Any CPU
	EndGlobalSection
	GlobalSection(ProjectConfigurationPlatforms) = postSolution
		{00F45E73-FAA9-40E9-8CB0-F0C174D7E714}.Debug|Any CPU.ActiveCfg = Debug|Any CPU
		{00F45E73-FAA9-40E9-8CB0-F0C174D7E714}.Debug|Any CPU.Build.0 = Debug|Any CPU
		{00F45E73-FAA9-40E9-8CB0-F0C174D7E714}.Release|Any CPU.ActiveCfg = Release|Any CPU
		{00F45E73-FAA9-40E9-8CB0-F0C174D7E714}.Release|Any CPU.Build.0 = Release|Any CPU
		{1BAD871F-E8EE-4CFA-B603-138FD2A7A938}.Debug|Any CPU.ActiveCfg = Debug|Any CPU
		{1BAD871F-E8EE-4CFA-B603-138FD2A7A938}.Debug|Any CPU.Build.0 = Debug|Any CPU
		{1BAD871F-E8EE-4CFA-B603-138FD2A7A938}.Release|Any CPU.ActiveCfg = Release|Any CPU
		{1BAD871F-E8EE-4CFA-B603-138FD2A7A938}.Release|Any CPU.Build.0 = Release|Any CPU
		{590293B4-7AC2-4758-B42C-5F052E089980}.Debug|Any CPU.ActiveCfg = Debug|Any CPU
		{590293B4-7AC2-4758-B42C-5F052E089980}.Debug|Any CPU.Build.0 = Debug|Any CPU
		{590293B4-7AC2-4758-B42C-5F052E089980}.Release|Any CPU.ActiveCfg = Release|Any CPU
		{590293B4-7AC2-4758-B42C-5F052E089980}.Release|Any CPU.Build.0 = Release|Any CPU
		{C2E4FD85-5E9E-4A89-A74E-889F143C608C}.Debug|Any CPU.ActiveCfg = Debug|Any CPU
		{C2E4FD85-5E9E-4A89-A74E-889F143C608C}.Debug|Any CPU.Build.0 = Debug|Any CPU
		{C2E4FD85-5E9E-4A89-A74E-889F143C608C}.Release|Any CPU.ActiveCfg = Release|Any CPU
		{C2E4FD85-5E9E-4A89-A74E-889F143C608C}.Release|Any CPU.Build.0 = Release|Any CPU
		{9B623C2B-CDF3-4FB2-AB68-ADF433B5A86F}.Debug|Any CPU.ActiveCfg = Debug|Any CPU
		{9B623C2B-CDF3-4FB2-AB68-ADF433B5A86F}.Debug|Any CPU.Build.0 = Debug|Any CPU
		{9B623C2B-CDF3-4FB2-AB68-ADF433B5A86F}.Release|Any CPU.ActiveCfg = Release|Any CPU
		{9B623C2B-CDF3-4FB2-AB68-ADF433B5A86F}.Release|Any CPU.Build.0 = Release|Any CPU
		{0E82EF6B-E285-4328-A4CC-97C7CFCA8A25}.Debug|Any CPU.ActiveCfg = Debug|Any CPU
		{0E82EF6B-E285-4328-A4CC-97C7CFCA8A25}.Debug|Any CPU.Build.0 = Debug|Any CPU
		{0E82EF6B-E285-4328-A4CC-97C7CFCA8A25}.Release|Any CPU.ActiveCfg = Release|Any CPU
		{0E82EF6B-E285-4328-A4CC-97C7CFCA8A25}.Release|Any CPU.Build.0 = Release|Any CPU
		{4F668610-BF2C-430A-934D-0F77A233CA3E}.Debug|Any CPU.ActiveCfg = Debug|Any CPU
		{4F668610-BF2C-430A-934D-0F77A233CA3E}.Debug|Any CPU.Build.0 = Debug|Any CPU
		{4F668610-BF2C-430A-934D-0F77A233CA3E}.Release|Any CPU.ActiveCfg = Release|Any CPU
		{4F668610-BF2C-430A-934D-0F77A233CA3E}.Release|Any CPU.Build.0 = Release|Any CPU
		{6E44F0B8-25B5-4DFE-BF8E-7E6D73BFAAAC}.Debug|Any CPU.ActiveCfg = Debug|Any CPU
		{6E44F0B8-25B5-4DFE-BF8E-7E6D73BFAAAC}.Debug|Any CPU.Build.0 = Debug|Any CPU
		{6E44F0B8-25B5-4DFE-BF8E-7E6D73BFAAAC}.Release|Any CPU.ActiveCfg = Release|Any CPU
		{6E44F0B8-25B5-4DFE-BF8E-7E6D73BFAAAC}.Release|Any CPU.Build.0 = Release|Any CPU
		{53A240BA-6A65-43F7-B74E-B63681129C9D}.Debug|Any CPU.ActiveCfg = Debug|Any CPU
		{53A240BA-6A65-43F7-B74E-B63681129C9D}.Debug|Any CPU.Build.0 = Debug|Any CPU
		{53A240BA-6A65-43F7-B74E-B63681129C9D}.Release|Any CPU.ActiveCfg = Release|Any CPU
		{53A240BA-6A65-43F7-B74E-B63681129C9D}.Release|Any CPU.Build.0 = Release|Any CPU
		{1B0EB612-FA32-4EA9-9876-C3777799BA1A}.Debug|Any CPU.ActiveCfg = Debug|Any CPU
		{1B0EB612-FA32-4EA9-9876-C3777799BA1A}.Debug|Any CPU.Build.0 = Debug|Any CPU
		{1B0EB612-FA32-4EA9-9876-C3777799BA1A}.Release|Any CPU.ActiveCfg = Release|Any CPU
		{1B0EB612-FA32-4EA9-9876-C3777799BA1A}.Release|Any CPU.Build.0 = Release|Any CPU
		{35B43F26-8362-4964-8586-810A55950A04}.Debug|Any CPU.ActiveCfg = Debug|Any CPU
		{35B43F26-8362-4964-8586-810A55950A04}.Debug|Any CPU.Build.0 = Debug|Any CPU
		{35B43F26-8362-4964-8586-810A55950A04}.Release|Any CPU.ActiveCfg = Release|Any CPU
		{35B43F26-8362-4964-8586-810A55950A04}.Release|Any CPU.Build.0 = Release|Any CPU
		{7F936787-6065-4C1A-B463-990B37772AF9}.Debug|Any CPU.ActiveCfg = Debug|Any CPU
		{7F936787-6065-4C1A-B463-990B37772AF9}.Debug|Any CPU.Build.0 = Debug|Any CPU
		{7F936787-6065-4C1A-B463-990B37772AF9}.Release|Any CPU.ActiveCfg = Release|Any CPU
		{7F936787-6065-4C1A-B463-990B37772AF9}.Release|Any CPU.Build.0 = Release|Any CPU
		{6F22C9B9-2DA9-4DD9-9CF3-49801ACFCB43}.Debug|Any CPU.ActiveCfg = Debug|Any CPU
		{6F22C9B9-2DA9-4DD9-9CF3-49801ACFCB43}.Debug|Any CPU.Build.0 = Debug|Any CPU
		{6F22C9B9-2DA9-4DD9-9CF3-49801ACFCB43}.Release|Any CPU.ActiveCfg = Release|Any CPU
		{6F22C9B9-2DA9-4DD9-9CF3-49801ACFCB43}.Release|Any CPU.Build.0 = Release|Any CPU
		{66657530-1D87-46FC-B331-81B22ED60B2A}.Debug|Any CPU.ActiveCfg = Debug|Any CPU
		{66657530-1D87-46FC-B331-81B22ED60B2A}.Debug|Any CPU.Build.0 = Debug|Any CPU
		{66657530-1D87-46FC-B331-81B22ED60B2A}.Release|Any CPU.ActiveCfg = Release|Any CPU
		{66657530-1D87-46FC-B331-81B22ED60B2A}.Release|Any CPU.Build.0 = Release|Any CPU
		{5D64EF51-E930-4C59-A2B1-1E5010585E4A}.Debug|Any CPU.ActiveCfg = Debug|Any CPU
		{5D64EF51-E930-4C59-A2B1-1E5010585E4A}.Debug|Any CPU.Build.0 = Debug|Any CPU
		{5D64EF51-E930-4C59-A2B1-1E5010585E4A}.Release|Any CPU.ActiveCfg = Release|Any CPU
		{5D64EF51-E930-4C59-A2B1-1E5010585E4A}.Release|Any CPU.Build.0 = Release|Any CPU
		{2B7E61CF-12A5-488E-B730-FC376ACB9C86}.Debug|Any CPU.ActiveCfg = Debug|Any CPU
		{2B7E61CF-12A5-488E-B730-FC376ACB9C86}.Debug|Any CPU.Build.0 = Debug|Any CPU
		{2B7E61CF-12A5-488E-B730-FC376ACB9C86}.Release|Any CPU.ActiveCfg = Release|Any CPU
		{2B7E61CF-12A5-488E-B730-FC376ACB9C86}.Release|Any CPU.Build.0 = Release|Any CPU
		{52DEAEAC-351C-47B1-8D31-FDF703F5A74B}.Debug|Any CPU.ActiveCfg = Debug|Any CPU
		{52DEAEAC-351C-47B1-8D31-FDF703F5A74B}.Debug|Any CPU.Build.0 = Debug|Any CPU
		{52DEAEAC-351C-47B1-8D31-FDF703F5A74B}.Release|Any CPU.ActiveCfg = Release|Any CPU
		{52DEAEAC-351C-47B1-8D31-FDF703F5A74B}.Release|Any CPU.Build.0 = Release|Any CPU
		{60440119-ECF6-4D81-A3A9-E1FE4BA9D41E}.Debug|Any CPU.ActiveCfg = Debug|Any CPU
		{60440119-ECF6-4D81-A3A9-E1FE4BA9D41E}.Debug|Any CPU.Build.0 = Debug|Any CPU
		{60440119-ECF6-4D81-A3A9-E1FE4BA9D41E}.Release|Any CPU.ActiveCfg = Release|Any CPU
		{60440119-ECF6-4D81-A3A9-E1FE4BA9D41E}.Release|Any CPU.Build.0 = Release|Any CPU
		{F99D2674-6EB3-4317-8158-B698BB4199A5}.Debug|Any CPU.ActiveCfg = Debug|Any CPU
		{F99D2674-6EB3-4317-8158-B698BB4199A5}.Debug|Any CPU.Build.0 = Debug|Any CPU
		{F99D2674-6EB3-4317-8158-B698BB4199A5}.Release|Any CPU.ActiveCfg = Release|Any CPU
		{F99D2674-6EB3-4317-8158-B698BB4199A5}.Release|Any CPU.Build.0 = Release|Any CPU
		{CBF48D1E-829C-48A0-A83C-85A8480C1839}.Debug|Any CPU.ActiveCfg = Debug|Any CPU
		{CBF48D1E-829C-48A0-A83C-85A8480C1839}.Debug|Any CPU.Build.0 = Debug|Any CPU
		{CBF48D1E-829C-48A0-A83C-85A8480C1839}.Release|Any CPU.ActiveCfg = Release|Any CPU
		{CBF48D1E-829C-48A0-A83C-85A8480C1839}.Release|Any CPU.Build.0 = Release|Any CPU
		{7E0E0495-CBE2-4A6C-A0AA-70F3367BA516}.Debug|Any CPU.ActiveCfg = Debug|Any CPU
		{7E0E0495-CBE2-4A6C-A0AA-70F3367BA516}.Debug|Any CPU.Build.0 = Debug|Any CPU
		{7E0E0495-CBE2-4A6C-A0AA-70F3367BA516}.Release|Any CPU.ActiveCfg = Release|Any CPU
		{7E0E0495-CBE2-4A6C-A0AA-70F3367BA516}.Release|Any CPU.Build.0 = Release|Any CPU
		{50888AF9-3EFD-496A-A899-8D2235E8CDC3}.Debug|Any CPU.ActiveCfg = Debug|Any CPU
		{50888AF9-3EFD-496A-A899-8D2235E8CDC3}.Debug|Any CPU.Build.0 = Debug|Any CPU
		{50888AF9-3EFD-496A-A899-8D2235E8CDC3}.Release|Any CPU.ActiveCfg = Release|Any CPU
		{50888AF9-3EFD-496A-A899-8D2235E8CDC3}.Release|Any CPU.Build.0 = Release|Any CPU
		{81B96E7E-E084-4794-AEBE-452029380235}.Debug|Any CPU.ActiveCfg = Debug|Any CPU
		{81B96E7E-E084-4794-AEBE-452029380235}.Debug|Any CPU.Build.0 = Debug|Any CPU
		{81B96E7E-E084-4794-AEBE-452029380235}.Release|Any CPU.ActiveCfg = Release|Any CPU
		{81B96E7E-E084-4794-AEBE-452029380235}.Release|Any CPU.Build.0 = Release|Any CPU
		{32447183-4E6F-42A5-90A8-CA92075A4668}.Debug|Any CPU.ActiveCfg = Debug|Any CPU
		{32447183-4E6F-42A5-90A8-CA92075A4668}.Debug|Any CPU.Build.0 = Debug|Any CPU
		{32447183-4E6F-42A5-90A8-CA92075A4668}.Release|Any CPU.ActiveCfg = Release|Any CPU
		{32447183-4E6F-42A5-90A8-CA92075A4668}.Release|Any CPU.Build.0 = Release|Any CPU
		{287145F6-282E-4885-99DD-3D7338F01125}.Debug|Any CPU.ActiveCfg = Debug|Any CPU
		{287145F6-282E-4885-99DD-3D7338F01125}.Debug|Any CPU.Build.0 = Debug|Any CPU
		{287145F6-282E-4885-99DD-3D7338F01125}.Release|Any CPU.ActiveCfg = Release|Any CPU
		{287145F6-282E-4885-99DD-3D7338F01125}.Release|Any CPU.Build.0 = Release|Any CPU
		{0C0A163D-157F-4FD4-98F0-F3FE98188073}.Debug|Any CPU.ActiveCfg = Debug|Any CPU
		{0C0A163D-157F-4FD4-98F0-F3FE98188073}.Debug|Any CPU.Build.0 = Debug|Any CPU
		{0C0A163D-157F-4FD4-98F0-F3FE98188073}.Release|Any CPU.ActiveCfg = Release|Any CPU
		{0C0A163D-157F-4FD4-98F0-F3FE98188073}.Release|Any CPU.Build.0 = Release|Any CPU
		{2ED3FBD2-B584-4661-97C1-BE5113B0A3FD}.Debug|Any CPU.ActiveCfg = Debug|Any CPU
		{2ED3FBD2-B584-4661-97C1-BE5113B0A3FD}.Debug|Any CPU.Build.0 = Debug|Any CPU
		{2ED3FBD2-B584-4661-97C1-BE5113B0A3FD}.Release|Any CPU.ActiveCfg = Release|Any CPU
		{2ED3FBD2-B584-4661-97C1-BE5113B0A3FD}.Release|Any CPU.Build.0 = Release|Any CPU
		{CBEF2C9E-F4B5-4139-B83B-25E06B151512}.Debug|Any CPU.ActiveCfg = Debug|Any CPU
		{CBEF2C9E-F4B5-4139-B83B-25E06B151512}.Debug|Any CPU.Build.0 = Debug|Any CPU
		{CBEF2C9E-F4B5-4139-B83B-25E06B151512}.Release|Any CPU.ActiveCfg = Release|Any CPU
		{CBEF2C9E-F4B5-4139-B83B-25E06B151512}.Release|Any CPU.Build.0 = Release|Any CPU
		{C5BDA6AB-7ADC-4556-A65E-09A2A044C7DC}.Debug|Any CPU.ActiveCfg = Debug|Any CPU
		{C5BDA6AB-7ADC-4556-A65E-09A2A044C7DC}.Debug|Any CPU.Build.0 = Debug|Any CPU
		{C5BDA6AB-7ADC-4556-A65E-09A2A044C7DC}.Release|Any CPU.ActiveCfg = Release|Any CPU
		{C5BDA6AB-7ADC-4556-A65E-09A2A044C7DC}.Release|Any CPU.Build.0 = Release|Any CPU
	EndGlobalSection
	GlobalSection(SolutionProperties) = preSolution
		HideSolutionNode = FALSE
	EndGlobalSection
	GlobalSection(NestedProjects) = preSolution
		{00F45E73-FAA9-40E9-8CB0-F0C174D7E714} = {C8D04F11-19A8-42B1-BEFD-47C659A69164}
		{C2E4FD85-5E9E-4A89-A74E-889F143C608C} = {41CDEC43-DF81-4E9A-ADDF-B4CBFE66A06F}
		{9B623C2B-CDF3-4FB2-AB68-ADF433B5A86F} = {41CDEC43-DF81-4E9A-ADDF-B4CBFE66A06F}
		{0E82EF6B-E285-4328-A4CC-97C7CFCA8A25} = {41CDEC43-DF81-4E9A-ADDF-B4CBFE66A06F}
		{4F668610-BF2C-430A-934D-0F77A233CA3E} = {41CDEC43-DF81-4E9A-ADDF-B4CBFE66A06F}
		{6E44F0B8-25B5-4DFE-BF8E-7E6D73BFAAAC} = {2191649D-BB6D-4F6B-9EE8-009579635B54}
		{53A240BA-6A65-43F7-B74E-B63681129C9D} = {2191649D-BB6D-4F6B-9EE8-009579635B54}
		{1B0EB612-FA32-4EA9-9876-C3777799BA1A} = {2191649D-BB6D-4F6B-9EE8-009579635B54}
		{35B43F26-8362-4964-8586-810A55950A04} = {2191649D-BB6D-4F6B-9EE8-009579635B54}
		{7F936787-6065-4C1A-B463-990B37772AF9} = {2191649D-BB6D-4F6B-9EE8-009579635B54}
		{6F22C9B9-2DA9-4DD9-9CF3-49801ACFCB43} = {2191649D-BB6D-4F6B-9EE8-009579635B54}
		{66657530-1D87-46FC-B331-81B22ED60B2A} = {44C16958-5D7D-4724-A524-405BB5723BFC}
		{5D64EF51-E930-4C59-A2B1-1E5010585E4A} = {2191649D-BB6D-4F6B-9EE8-009579635B54}
		{2B7E61CF-12A5-488E-B730-FC376ACB9C86} = {2191649D-BB6D-4F6B-9EE8-009579635B54}
		{52DEAEAC-351C-47B1-8D31-FDF703F5A74B} = {2191649D-BB6D-4F6B-9EE8-009579635B54}
		{60440119-ECF6-4D81-A3A9-E1FE4BA9D41E} = {2191649D-BB6D-4F6B-9EE8-009579635B54}
		{F99D2674-6EB3-4317-8158-B698BB4199A5} = {2191649D-BB6D-4F6B-9EE8-009579635B54}
		{CBF48D1E-829C-48A0-A83C-85A8480C1839} = {2191649D-BB6D-4F6B-9EE8-009579635B54}
		{7E0E0495-CBE2-4A6C-A0AA-70F3367BA516} = {2191649D-BB6D-4F6B-9EE8-009579635B54}
		{50888AF9-3EFD-496A-A899-8D2235E8CDC3} = {2191649D-BB6D-4F6B-9EE8-009579635B54}
		{81B96E7E-E084-4794-AEBE-452029380235} = {2191649D-BB6D-4F6B-9EE8-009579635B54}
		{D30DED4E-93A7-4D5B-A476-E0711FCF9D8E} = {01EE8D47-72A8-41F7-86B8-796EE9CD6117}
		{32447183-4E6F-42A5-90A8-CA92075A4668} = {2191649D-BB6D-4F6B-9EE8-009579635B54}
		{44C16958-5D7D-4724-A524-405BB5723BFC} = {2191649D-BB6D-4F6B-9EE8-009579635B54}
		{287145F6-282E-4885-99DD-3D7338F01125} = {44C16958-5D7D-4724-A524-405BB5723BFC}
		{1770D00B-B5C3-4907-9F4B-4AB13D29745B} = {01EE8D47-72A8-41F7-86B8-796EE9CD6117}
		{F871722D-6002-4E02-BF7A-1313FD5FE0EC} = {F702E000-80A7-498A-AFCC-E4ED19AAAB9E}
		{0C0A163D-157F-4FD4-98F0-F3FE98188073} = {F871722D-6002-4E02-BF7A-1313FD5FE0EC}
		{2ED3FBD2-B584-4661-97C1-BE5113B0A3FD} = {F871722D-6002-4E02-BF7A-1313FD5FE0EC}
		{CBEF2C9E-F4B5-4139-B83B-25E06B151512} = {F871722D-6002-4E02-BF7A-1313FD5FE0EC}
		{C5BDA6AB-7ADC-4556-A65E-09A2A044C7DC} = {F871722D-6002-4E02-BF7A-1313FD5FE0EC}
	EndGlobalSection
	GlobalSection(ExtensibilityGlobals) = postSolution
		SolutionGuid = {1DBA839F-D5D4-47CB-BE99-8397D34BD0CA}
	EndGlobalSection
EndGlobal
